
Microsoft Visual Studio Solution File, Format Version 12.00
# Visual Studio Version 17
VisualStudioVersion = 17.6.33712.159
MinimumVisualStudioVersion = 10.0.40219.1
Project("{2150E333-8FDC-42A3-9474-1A3956D46DE8}") = "src", "src", "{638A65DB-37F9-42CB-9195-3F85493055A2}"
EndProject
Project("{2150E333-8FDC-42A3-9474-1A3956D46DE8}") = "Çözüm Öğeleri", "Çözüm Öğeleri", "{701EA74E-A9BF-480B-B361-6F23E40562B7}"
	ProjectSection(SolutionItems) = preProject
		ServiceUrl.txt = ServiceUrl.txt
	EndProjectSection
EndProject
Project("{2150E333-8FDC-42A3-9474-1A3956D46DE8}") = "ApiGateways", "ApiGateways", "{E26E2543-27AC-49E5-8DAC-9EF351DA2C69}"
EndProject
Project("{2150E333-8FDC-42A3-9474-1A3956D46DE8}") = "BuildingBlocks", "BuildingBlocks", "{0F34A815-1DFD-4587-A9A2-E38C533DB6F7}"
EndProject
Project("{2150E333-8FDC-42A3-9474-1A3956D46DE8}") = "Services", "Services", "{D7B9B7C8-F611-4611-87C2-4B8DD706978D}"
EndProject
Project("{2150E333-8FDC-42A3-9474-1A3956D46DE8}") = "Clients", "Clients", "{526F8699-B042-46FB-B0FC-81FE4172549C}"
EndProject
Project("{2150E333-8FDC-42A3-9474-1A3956D46DE8}") = "WebApiGateway", "WebApiGateway", "{944473FA-1213-4AB3-8F66-FB623B0A5095}"
EndProject
Project("{9A19103F-16F7-4668-BE54-9A1E7A4F7556}") = "Web.ApiGateway", "src\ApiGateway\WebApiGateway\Web.ApiGateway\Web.ApiGateway.csproj", "{308D6E49-64B0-41F2-8DD8-C29D32ED8F60}"
EndProject
Project("{2150E333-8FDC-42A3-9474-1A3956D46DE8}") = "EventBus", "EventBus", "{29099C36-E86A-4426-9C50-ED72930AEBF9}"
EndProject
Project("{9A19103F-16F7-4668-BE54-9A1E7A4F7556}") = "EventBus.Base", "src\BuildingBlocks\EventBus\EventBus.Base\EventBus.Base.csproj", "{DC208DF9-A73B-4E50-98B8-CF7F28DE5F63}"
EndProject
Project("{9A19103F-16F7-4668-BE54-9A1E7A4F7556}") = "EventBus.Factory", "src\BuildingBlocks\EventBus\EventBus.Factory\EventBus.Factory.csproj", "{CDA4E7BF-3546-468B-A77B-515394DB87C8}"
EndProject
Project("{9A19103F-16F7-4668-BE54-9A1E7A4F7556}") = "EventBus.AzureServiceBus", "src\BuildingBlocks\EventBus\EventBus.AzureServiceBus\EventBus.AzureServiceBus.csproj", "{27592953-F0C8-40E9-8A79-81F58E7933E7}"
EndProject
Project("{9A19103F-16F7-4668-BE54-9A1E7A4F7556}") = "EventBus.RabbitMQ", "src\BuildingBlocks\EventBus\EventBus.RabbitMQ\EventBus.RabbitMQ.csproj", "{F6A34771-42A4-4697-8FE5-3F67DB3ECB49}"
EndProject
Project("{2150E333-8FDC-42A3-9474-1A3956D46DE8}") = "BlazorWebApp", "BlazorWebApp", "{DE07E07F-43E2-4DFB-BB95-72C9FFC94FB6}"
EndProject
Project("{9A19103F-16F7-4668-BE54-9A1E7A4F7556}") = "WebApp", "src\Clients\BlazorWebApp\WebApp\WebApp.csproj", "{72E95581-33FF-4A25-8CAF-A9731050FF1B}"
EndProject
Project("{2150E333-8FDC-42A3-9474-1A3956D46DE8}") = "tests", "tests", "{FCAF79CF-7DFF-4B24-BB3D-5175BA4DD719}"
EndProject
Project("{2150E333-8FDC-42A3-9474-1A3956D46DE8}") = "BuildingBlocks", "BuildingBlocks", "{68306C4A-79A6-443B-89C6-945CB2372602}"
EndProject
Project("{2150E333-8FDC-42A3-9474-1A3956D46DE8}") = "BasketService", "BasketService", "{82743D9F-AF2E-42CD-B1DB-4329BE8B940B}"
EndProject
Project("{2150E333-8FDC-42A3-9474-1A3956D46DE8}") = "CatalogService", "CatalogService", "{CDF5CAD4-9EF6-4834-B2F2-45FB23C647CA}"
EndProject
Project("{9A19103F-16F7-4668-BE54-9A1E7A4F7556}") = "BasketService.Api", "src\Services\BasketService.Api\BasketService.Api.csproj", "{469A3060-F653-4796-96D2-3AFDEFCC49B6}"
EndProject
Project("{9A19103F-16F7-4668-BE54-9A1E7A4F7556}") = "CatalogService.Api", "src\Services\CatalogService\CatalogService.Api\CatalogService.Api.csproj", "{BEF60844-5CA0-40C3-9874-E40DDD3DB53E}"
EndProject
Project("{2150E333-8FDC-42A3-9474-1A3956D46DE8}") = "IdentityService", "IdentityService", "{5F8987A3-72BD-46BC-9C84-9CEB55CD988A}"
EndProject
Project("{9A19103F-16F7-4668-BE54-9A1E7A4F7556}") = "IdentityService.Api", "src\Services\IdentityService\IdentityService.Api\IdentityService.Api.csproj", "{51D08895-1654-4519-86FC-F3C26382080A}"
EndProject
Project("{2150E333-8FDC-42A3-9474-1A3956D46DE8}") = "NotificationService", "NotificationService", "{B24E635D-E2C4-4128-B591-7B2829F621D2}"
EndProject
Project("{9A19103F-16F7-4668-BE54-9A1E7A4F7556}") = "NotificationService", "src\Services\NotificationSerivce\NotificationService\NotificationService.csproj", "{29E5CFA6-0D2B-40BA-B8F4-68165A11E7BA}"
EndProject
Project("{2150E333-8FDC-42A3-9474-1A3956D46DE8}") = "OrderService", "OrderService", "{0971EB1B-F5F6-4FAA-9311-AFE675A4EFEF}"
EndProject
Project("{9A19103F-16F7-4668-BE54-9A1E7A4F7556}") = "OrderService.Domain", "src\Services\OrderService\OrderService.Domain\OrderService.Domain.csproj", "{FD55BB1D-2C2A-4D16-B376-8FF0AFD1599E}"
EndProject
Project("{9A19103F-16F7-4668-BE54-9A1E7A4F7556}") = "OrderService.Application", "src\Services\OrderService\OrderService.Application\OrderService.Application.csproj", "{1C554C74-FA34-4BD5-8DBA-6E1413C2E97F}"
EndProject
Project("{9A19103F-16F7-4668-BE54-9A1E7A4F7556}") = "OrderServiceInfastructure", "src\Services\OrderService\OrderServiceInfastructure\OrderServiceInfastructure.csproj", "{608B12EF-EAC3-40EF-B396-CD69F56DB38A}"
EndProject
Project("{9A19103F-16F7-4668-BE54-9A1E7A4F7556}") = "OrderService.Api", "src\Services\OrderService\OrderService.Api\OrderService.Api.csproj", "{01DC124C-C329-450C-90ED-D7BA95CBDD6A}"
EndProject
Project("{2150E333-8FDC-42A3-9474-1A3956D46DE8}") = "PaymentService", "PaymentService", "{C14713D6-BBB4-4640-BD1F-80AD92A62B67}"
EndProject
Project("{9A19103F-16F7-4668-BE54-9A1E7A4F7556}") = "PaymentService.Api", "src\Services\PaymentService\PaymentService.Api\PaymentService.Api.csproj", "{A8929095-7CF9-48CC-B350-8EB4415B737E}"
EndProject
Project("{9A19103F-16F7-4668-BE54-9A1E7A4F7556}") = "EventBus.UnitTest", "tests\BuildingBlocks\EventBus.UnitTest\EventBus.UnitTest.csproj", "{389359FB-D163-4FF7-B1EE-CB9B13B086CC}"
EndProject
Global
	GlobalSection(SolutionConfigurationPlatforms) = preSolution
		Debug|Any CPU = Debug|Any CPU
		Release|Any CPU = Release|Any CPU
	EndGlobalSection
	GlobalSection(ProjectConfigurationPlatforms) = postSolution
		{308D6E49-64B0-41F2-8DD8-C29D32ED8F60}.Debug|Any CPU.ActiveCfg = Debug|Any CPU
		{308D6E49-64B0-41F2-8DD8-C29D32ED8F60}.Debug|Any CPU.Build.0 = Debug|Any CPU
		{308D6E49-64B0-41F2-8DD8-C29D32ED8F60}.Release|Any CPU.ActiveCfg = Release|Any CPU
		{308D6E49-64B0-41F2-8DD8-C29D32ED8F60}.Release|Any CPU.Build.0 = Release|Any CPU
		{DC208DF9-A73B-4E50-98B8-CF7F28DE5F63}.Debug|Any CPU.ActiveCfg = Debug|Any CPU
		{DC208DF9-A73B-4E50-98B8-CF7F28DE5F63}.Debug|Any CPU.Build.0 = Debug|Any CPU
		{DC208DF9-A73B-4E50-98B8-CF7F28DE5F63}.Release|Any CPU.ActiveCfg = Release|Any CPU
		{DC208DF9-A73B-4E50-98B8-CF7F28DE5F63}.Release|Any CPU.Build.0 = Release|Any CPU
		{CDA4E7BF-3546-468B-A77B-515394DB87C8}.Debug|Any CPU.ActiveCfg = Debug|Any CPU
		{CDA4E7BF-3546-468B-A77B-515394DB87C8}.Debug|Any CPU.Build.0 = Debug|Any CPU
		{CDA4E7BF-3546-468B-A77B-515394DB87C8}.Release|Any CPU.ActiveCfg = Release|Any CPU
		{CDA4E7BF-3546-468B-A77B-515394DB87C8}.Release|Any CPU.Build.0 = Release|Any CPU
		{27592953-F0C8-40E9-8A79-81F58E7933E7}.Debug|Any CPU.ActiveCfg = Debug|Any CPU
		{27592953-F0C8-40E9-8A79-81F58E7933E7}.Debug|Any CPU.Build.0 = Debug|Any CPU
		{27592953-F0C8-40E9-8A79-81F58E7933E7}.Release|Any CPU.ActiveCfg = Release|Any CPU
		{27592953-F0C8-40E9-8A79-81F58E7933E7}.Release|Any CPU.Build.0 = Release|Any CPU
		{F6A34771-42A4-4697-8FE5-3F67DB3ECB49}.Debug|Any CPU.ActiveCfg = Debug|Any CPU
		{F6A34771-42A4-4697-8FE5-3F67DB3ECB49}.Debug|Any CPU.Build.0 = Debug|Any CPU
		{F6A34771-42A4-4697-8FE5-3F67DB3ECB49}.Release|Any CPU.ActiveCfg = Release|Any CPU
		{F6A34771-42A4-4697-8FE5-3F67DB3ECB49}.Release|Any CPU.Build.0 = Release|Any CPU
		{72E95581-33FF-4A25-8CAF-A9731050FF1B}.Debug|Any CPU.ActiveCfg = Debug|Any CPU
		{72E95581-33FF-4A25-8CAF-A9731050FF1B}.Debug|Any CPU.Build.0 = Debug|Any CPU
		{72E95581-33FF-4A25-8CAF-A9731050FF1B}.Release|Any CPU.ActiveCfg = Release|Any CPU
		{72E95581-33FF-4A25-8CAF-A9731050FF1B}.Release|Any CPU.Build.0 = Release|Any CPU
		{469A3060-F653-4796-96D2-3AFDEFCC49B6}.Debug|Any CPU.ActiveCfg = Debug|Any CPU
		{469A3060-F653-4796-96D2-3AFDEFCC49B6}.Debug|Any CPU.Build.0 = Debug|Any CPU
		{469A3060-F653-4796-96D2-3AFDEFCC49B6}.Release|Any CPU.ActiveCfg = Release|Any CPU
		{469A3060-F653-4796-96D2-3AFDEFCC49B6}.Release|Any CPU.Build.0 = Release|Any CPU
		{BEF60844-5CA0-40C3-9874-E40DDD3DB53E}.Debug|Any CPU.ActiveCfg = Debug|Any CPU
		{BEF60844-5CA0-40C3-9874-E40DDD3DB53E}.Debug|Any CPU.Build.0 = Debug|Any CPU
		{BEF60844-5CA0-40C3-9874-E40DDD3DB53E}.Release|Any CPU.ActiveCfg = Release|Any CPU
		{BEF60844-5CA0-40C3-9874-E40DDD3DB53E}.Release|Any CPU.Build.0 = Release|Any CPU
		{51D08895-1654-4519-86FC-F3C26382080A}.Debug|Any CPU.ActiveCfg = Debug|Any CPU
		{51D08895-1654-4519-86FC-F3C26382080A}.Debug|Any CPU.Build.0 = Debug|Any CPU
		{51D08895-1654-4519-86FC-F3C26382080A}.Release|Any CPU.ActiveCfg = Release|Any CPU
		{51D08895-1654-4519-86FC-F3C26382080A}.Release|Any CPU.Build.0 = Release|Any CPU
		{29E5CFA6-0D2B-40BA-B8F4-68165A11E7BA}.Debug|Any CPU.ActiveCfg = Debug|Any CPU
		{29E5CFA6-0D2B-40BA-B8F4-68165A11E7BA}.Debug|Any CPU.Build.0 = Debug|Any CPU
		{29E5CFA6-0D2B-40BA-B8F4-68165A11E7BA}.Release|Any CPU.ActiveCfg = Release|Any CPU
		{29E5CFA6-0D2B-40BA-B8F4-68165A11E7BA}.Release|Any CPU.Build.0 = Release|Any CPU
		{FD55BB1D-2C2A-4D16-B376-8FF0AFD1599E}.Debug|Any CPU.ActiveCfg = Debug|Any CPU
		{FD55BB1D-2C2A-4D16-B376-8FF0AFD1599E}.Debug|Any CPU.Build.0 = Debug|Any CPU
		{FD55BB1D-2C2A-4D16-B376-8FF0AFD1599E}.Release|Any CPU.ActiveCfg = Release|Any CPU
		{FD55BB1D-2C2A-4D16-B376-8FF0AFD1599E}.Release|Any CPU.Build.0 = Release|Any CPU
		{1C554C74-FA34-4BD5-8DBA-6E1413C2E97F}.Debug|Any CPU.ActiveCfg = Debug|Any CPU
		{1C554C74-FA34-4BD5-8DBA-6E1413C2E97F}.Debug|Any CPU.Build.0 = Debug|Any CPU
		{1C554C74-FA34-4BD5-8DBA-6E1413C2E97F}.Release|Any CPU.ActiveCfg = Release|Any CPU
		{1C554C74-FA34-4BD5-8DBA-6E1413C2E97F}.Release|Any CPU.Build.0 = Release|Any CPU
		{608B12EF-EAC3-40EF-B396-CD69F56DB38A}.Debug|Any CPU.ActiveCfg = Debug|Any CPU
		{608B12EF-EAC3-40EF-B396-CD69F56DB38A}.Debug|Any CPU.Build.0 = Debug|Any CPU
		{608B12EF-EAC3-40EF-B396-CD69F56DB38A}.Release|Any CPU.ActiveCfg = Release|Any CPU
		{608B12EF-EAC3-40EF-B396-CD69F56DB38A}.Release|Any CPU.Build.0 = Release|Any CPU
		{01DC124C-C329-450C-90ED-D7BA95CBDD6A}.Debug|Any CPU.ActiveCfg = Debug|Any CPU
		{01DC124C-C329-450C-90ED-D7BA95CBDD6A}.Debug|Any CPU.Build.0 = Debug|Any CPU
		{01DC124C-C329-450C-90ED-D7BA95CBDD6A}.Release|Any CPU.ActiveCfg = Release|Any CPU
		{01DC124C-C329-450C-90ED-D7BA95CBDD6A}.Release|Any CPU.Build.0 = Release|Any CPU
		{A8929095-7CF9-48CC-B350-8EB4415B737E}.Debug|Any CPU.ActiveCfg = Debug|Any CPU
		{A8929095-7CF9-48CC-B350-8EB4415B737E}.Debug|Any CPU.Build.0 = Debug|Any CPU
		{A8929095-7CF9-48CC-B350-8EB4415B737E}.Release|Any CPU.ActiveCfg = Release|Any CPU
		{A8929095-7CF9-48CC-B350-8EB4415B737E}.Release|Any CPU.Build.0 = Release|Any CPU
		{389359FB-D163-4FF7-B1EE-CB9B13B086CC}.Debug|Any CPU.ActiveCfg = Debug|Any CPU
		{389359FB-D163-4FF7-B1EE-CB9B13B086CC}.Debug|Any CPU.Build.0 = Debug|Any CPU
		{389359FB-D163-4FF7-B1EE-CB9B13B086CC}.Release|Any CPU.ActiveCfg = Release|Any CPU
		{389359FB-D163-4FF7-B1EE-CB9B13B086CC}.Release|Any CPU.Build.0 = Release|Any CPU
	EndGlobalSection
	GlobalSection(SolutionProperties) = preSolution
		HideSolutionNode = FALSE
	EndGlobalSection
	GlobalSection(NestedProjects) = preSolution
		{E26E2543-27AC-49E5-8DAC-9EF351DA2C69} = {638A65DB-37F9-42CB-9195-3F85493055A2}
		{0F34A815-1DFD-4587-A9A2-E38C533DB6F7} = {638A65DB-37F9-42CB-9195-3F85493055A2}
		{D7B9B7C8-F611-4611-87C2-4B8DD706978D} = {638A65DB-37F9-42CB-9195-3F85493055A2}
		{526F8699-B042-46FB-B0FC-81FE4172549C} = {638A65DB-37F9-42CB-9195-3F85493055A2}
		{944473FA-1213-4AB3-8F66-FB623B0A5095} = {E26E2543-27AC-49E5-8DAC-9EF351DA2C69}
		{308D6E49-64B0-41F2-8DD8-C29D32ED8F60} = {944473FA-1213-4AB3-8F66-FB623B0A5095}
		{29099C36-E86A-4426-9C50-ED72930AEBF9} = {0F34A815-1DFD-4587-A9A2-E38C533DB6F7}
		{DC208DF9-A73B-4E50-98B8-CF7F28DE5F63} = {29099C36-E86A-4426-9C50-ED72930AEBF9}
		{CDA4E7BF-3546-468B-A77B-515394DB87C8} = {29099C36-E86A-4426-9C50-ED72930AEBF9}
		{27592953-F0C8-40E9-8A79-81F58E7933E7} = {29099C36-E86A-4426-9C50-ED72930AEBF9}
		{F6A34771-42A4-4697-8FE5-3F67DB3ECB49} = {29099C36-E86A-4426-9C50-ED72930AEBF9}
		{DE07E07F-43E2-4DFB-BB95-72C9FFC94FB6} = {526F8699-B042-46FB-B0FC-81FE4172549C}
		{72E95581-33FF-4A25-8CAF-A9731050FF1B} = {DE07E07F-43E2-4DFB-BB95-72C9FFC94FB6}
		{68306C4A-79A6-443B-89C6-945CB2372602} = {FCAF79CF-7DFF-4B24-BB3D-5175BA4DD719}
		{82743D9F-AF2E-42CD-B1DB-4329BE8B940B} = {D7B9B7C8-F611-4611-87C2-4B8DD706978D}
		{CDF5CAD4-9EF6-4834-B2F2-45FB23C647CA} = {D7B9B7C8-F611-4611-87C2-4B8DD706978D}
		{469A3060-F653-4796-96D2-3AFDEFCC49B6} = {82743D9F-AF2E-42CD-B1DB-4329BE8B940B}
		{BEF60844-5CA0-40C3-9874-E40DDD3DB53E} = {CDF5CAD4-9EF6-4834-B2F2-45FB23C647CA}
		{5F8987A3-72BD-46BC-9C84-9CEB55CD988A} = {D7B9B7C8-F611-4611-87C2-4B8DD706978D}
		{51D08895-1654-4519-86FC-F3C26382080A} = {5F8987A3-72BD-46BC-9C84-9CEB55CD988A}
		{B24E635D-E2C4-4128-B591-7B2829F621D2} = {D7B9B7C8-F611-4611-87C2-4B8DD706978D}
		{29E5CFA6-0D2B-40BA-B8F4-68165A11E7BA} = {0971EB1B-F5F6-4FAA-9311-AFE675A4EFEF}
		{0971EB1B-F5F6-4FAA-9311-AFE675A4EFEF} = {D7B9B7C8-F611-4611-87C2-4B8DD706978D}
		{FD55BB1D-2C2A-4D16-B376-8FF0AFD1599E} = {0971EB1B-F5F6-4FAA-9311-AFE675A4EFEF}
		{1C554C74-FA34-4BD5-8DBA-6E1413C2E97F} = {0971EB1B-F5F6-4FAA-9311-AFE675A4EFEF}
		{608B12EF-EAC3-40EF-B396-CD69F56DB38A} = {0971EB1B-F5F6-4FAA-9311-AFE675A4EFEF}
		{01DC124C-C329-450C-90ED-D7BA95CBDD6A} = {0971EB1B-F5F6-4FAA-9311-AFE675A4EFEF}
		{C14713D6-BBB4-4640-BD1F-80AD92A62B67} = {D7B9B7C8-F611-4611-87C2-4B8DD706978D}
		{A8929095-7CF9-48CC-B350-8EB4415B737E} = {C14713D6-BBB4-4640-BD1F-80AD92A62B67}
		{389359FB-D163-4FF7-B1EE-CB9B13B086CC} = {68306C4A-79A6-443B-89C6-945CB2372602}
	EndGlobalSection
	GlobalSection(ExtensibilityGlobals) = postSolution
		SolutionGuid = {7A97268D-3885-4A6E-AF53-9AC5A499B94A}
	EndGlobalSection
EndGlobal
