
Microsoft Visual Studio Solution File, Format Version 12.00
# Visual Studio Version 17
VisualStudioVersion = 17.6.33712.159
MinimumVisualStudioVersion = 10.0.40219.1
Project("{2150E333-8FDC-42A3-9474-1A3956D46DE8}") = "src", "src", "{638A65DB-37F9-42CB-9195-3F85493055A2}"
EndProject
Project("{2150E333-8FDC-42A3-9474-1A3956D46DE8}") = "Çözüm Öğeleri", "Çözüm Öğeleri", "{701EA74E-A9BF-480B-B361-6F23E40562B7}"
	ProjectSection(SolutionItems) = preProject
		ServiceUrl.txt = ServiceUrl.txt
	EndProjectSection
EndProject
Project("{2150E333-8FDC-42A3-9474-1A3956D46DE8}") = "ApiGateways", "ApiGateways", "{E26E2543-27AC-49E5-8DAC-9EF351DA2C69}"
EndProject
Project("{2150E333-8FDC-42A3-9474-1A3956D46DE8}") = "BuildingBlocks", "BuildingBlocks", "{0F34A815-1DFD-4587-A9A2-E38C533DB6F7}"
EndProject
Project("{2150E333-8FDC-42A3-9474-1A3956D46DE8}") = "Services", "Services", "{D7B9B7C8-F611-4611-87C2-4B8DD706978D}"
EndProject
Project("{2150E333-8FDC-42A3-9474-1A3956D46DE8}") = "Clients", "Clients", "{526F8699-B042-46FB-B0FC-81FE4172549C}"
EndProject
Project("{2150E333-8FDC-42A3-9474-1A3956D46DE8}") = "WebApiGateway", "WebApiGateway", "{944473FA-1213-4AB3-8F66-FB623B0A5095}"
EndProject
Project("{FAE04EC0-301F-11D3-BF4B-00C04F79EFBC}") = "Web.ApiGateway", "src\ApiGateway\WebApiGateway\Web.ApiGateway\Web.ApiGateway.csproj", "{308D6E49-64B0-41F2-8DD8-C29D32ED8F60}"
EndProject
Project("{2150E333-8FDC-42A3-9474-1A3956D46DE8}") = "EventBus", "EventBus", "{29099C36-E86A-4426-9C50-ED72930AEBF9}"
EndProject
Project("{FAE04EC0-301F-11D3-BF4B-00C04F79EFBC}") = "EventBus.Base", "src\BuildingBlocks\EventBus\EventBus.Base\EventBus.Base.csproj", "{DC208DF9-A73B-4E50-98B8-CF7F28DE5F63}"
EndProject
Project("{FAE04EC0-301F-11D3-BF4B-00C04F79EFBC}") = "EventBus.Factory", "src\BuildingBlocks\EventBus\EventBus.Factory\EventBus.Factory.csproj", "{CDA4E7BF-3546-468B-A77B-515394DB87C8}"
EndProject
Project("{FAE04EC0-301F-11D3-BF4B-00C04F79EFBC}") = "EventBus.AzureServiceBus", "src\BuildingBlocks\EventBus\EventBus.AzureServiceBus\EventBus.AzureServiceBus.csproj", "{27592953-F0C8-40E9-8A79-81F58E7933E7}"
EndProject
Project("{FAE04EC0-301F-11D3-BF4B-00C04F79EFBC}") = "EventBus.RabbitMQ", "src\BuildingBlocks\EventBus\EventBus.RabbitMQ\EventBus.RabbitMQ.csproj", "{F6A34771-42A4-4697-8FE5-3F67DB3ECB49}"
EndProject
Project("{2150E333-8FDC-42A3-9474-1A3956D46DE8}") = "BlazorWebApp", "BlazorWebApp", "{DE07E07F-43E2-4DFB-BB95-72C9FFC94FB6}"
EndProject
Project("{FAE04EC0-301F-11D3-BF4B-00C04F79EFBC}") = "WebApp", "src\Clients\BlazorWebApp\WebApp\WebApp.csproj", "{72E95581-33FF-4A25-8CAF-A9731050FF1B}"
EndProject
Project("{2150E333-8FDC-42A3-9474-1A3956D46DE8}") = "BasketService", "BasketService", "{F478C795-8BA8-4565-838E-F9ADCBFA815E}"
EndProject
Project("{FAE04EC0-301F-11D3-BF4B-00C04F79EFBC}") = "BasketService.Api", "src\Services\BasketService\BasketService.Api\BasketService.Api.csproj", "{5B16F544-0438-495D-A283-20540036F18B}"
EndProject
Project("{2150E333-8FDC-42A3-9474-1A3956D46DE8}") = "CatalogService", "CatalogService", "{7F83DB8A-4101-4199-8653-7D93AB7E4C4A}"
EndProject
Project("{2150E333-8FDC-42A3-9474-1A3956D46DE8}") = "IdentityService", "IdentityService", "{E1463E2A-54D8-42DE-B016-8D16C5F07176}"
EndProject
Project("{FAE04EC0-301F-11D3-BF4B-00C04F79EFBC}") = "CatalogService.Api", "CatalogService.Api\CatalogService.Api.csproj", "{6E38F488-EE9C-469A-A9CC-5414F95845AA}"
EndProject
Project("{FAE04EC0-301F-11D3-BF4B-00C04F79EFBC}") = "IdentityService.Api", "IdentityService.Api\IdentityService.Api.csproj", "{C7E03CFC-DBB2-4C8B-BEFD-323E1924C58A}"
EndProject
Project("{2150E333-8FDC-42A3-9474-1A3956D46DE8}") = "NotificationService", "NotificationService", "{A48F3B82-AE88-41C3-BB9F-8D9900250D52}"
EndProject
Project("{FAE04EC0-301F-11D3-BF4B-00C04F79EFBC}") = "NotificationService", "NotificationService\NotificationService.csproj", "{E934E35F-D380-4732-8670-C0477348AF28}"
EndProject
Project("{2150E333-8FDC-42A3-9474-1A3956D46DE8}") = "OrderService", "OrderService", "{0F0C3196-2D5D-46F5-89C9-AFDD66C7464A}"
EndProject
Project("{FAE04EC0-301F-11D3-BF4B-00C04F79EFBC}") = "OrderService.Domain", "OrderService.Domain\OrderService.Domain.csproj", "{679615DD-D05B-412D-9207-D97F1B17EF2B}"
EndProject
Project("{FAE04EC0-301F-11D3-BF4B-00C04F79EFBC}") = "OrderService.Application", "OrderService.Application\OrderService.Application.csproj", "{C0C5B5AF-3158-415A-B7BD-0768E0E55FC2}"
EndProject
Project("{FAE04EC0-301F-11D3-BF4B-00C04F79EFBC}") = "OrderService.Infrastructure", "OrderService.Infrastructure\OrderService.Infrastructure.csproj", "{01092FC7-5B62-4E4D-9A2E-6DD135AF7C61}"
EndProject
Project("{FAE04EC0-301F-11D3-BF4B-00C04F79EFBC}") = "OrderService.Api", "OrderService.Api\OrderService.Api.csproj", "{FAF8C920-002C-4651-861C-A53A7CEDD375}"
EndProject
Project("{2150E333-8FDC-42A3-9474-1A3956D46DE8}") = "PaymentService", "PaymentService", "{24B819FB-EB91-4CA9-8D17-218BC3A1D0FA}"
EndProject
Project("{FAE04EC0-301F-11D3-BF4B-00C04F79EFBC}") = "PaymentService.Api", "PaymentService.Api\PaymentService.Api.csproj", "{BAD850BF-9CA2-46A8-97A5-D07ECD3A1850}"
EndProject
Global
	GlobalSection(SolutionConfigurationPlatforms) = preSolution
		Debug|Any CPU = Debug|Any CPU
		Release|Any CPU = Release|Any CPU
	EndGlobalSection
	GlobalSection(ProjectConfigurationPlatforms) = postSolution
		{308D6E49-64B0-41F2-8DD8-C29D32ED8F60}.Debug|Any CPU.ActiveCfg = Debug|Any CPU
		{308D6E49-64B0-41F2-8DD8-C29D32ED8F60}.Debug|Any CPU.Build.0 = Debug|Any CPU
		{308D6E49-64B0-41F2-8DD8-C29D32ED8F60}.Release|Any CPU.ActiveCfg = Release|Any CPU
		{308D6E49-64B0-41F2-8DD8-C29D32ED8F60}.Release|Any CPU.Build.0 = Release|Any CPU
		{DC208DF9-A73B-4E50-98B8-CF7F28DE5F63}.Debug|Any CPU.ActiveCfg = Debug|Any CPU
		{DC208DF9-A73B-4E50-98B8-CF7F28DE5F63}.Debug|Any CPU.Build.0 = Debug|Any CPU
		{DC208DF9-A73B-4E50-98B8-CF7F28DE5F63}.Release|Any CPU.ActiveCfg = Release|Any CPU
		{DC208DF9-A73B-4E50-98B8-CF7F28DE5F63}.Release|Any CPU.Build.0 = Release|Any CPU
		{CDA4E7BF-3546-468B-A77B-515394DB87C8}.Debug|Any CPU.ActiveCfg = Debug|Any CPU
		{CDA4E7BF-3546-468B-A77B-515394DB87C8}.Debug|Any CPU.Build.0 = Debug|Any CPU
		{CDA4E7BF-3546-468B-A77B-515394DB87C8}.Release|Any CPU.ActiveCfg = Release|Any CPU
		{CDA4E7BF-3546-468B-A77B-515394DB87C8}.Release|Any CPU.Build.0 = Release|Any CPU
		{27592953-F0C8-40E9-8A79-81F58E7933E7}.Debug|Any CPU.ActiveCfg = Debug|Any CPU
		{27592953-F0C8-40E9-8A79-81F58E7933E7}.Debug|Any CPU.Build.0 = Debug|Any CPU
		{27592953-F0C8-40E9-8A79-81F58E7933E7}.Release|Any CPU.ActiveCfg = Release|Any CPU
		{27592953-F0C8-40E9-8A79-81F58E7933E7}.Release|Any CPU.Build.0 = Release|Any CPU
		{F6A34771-42A4-4697-8FE5-3F67DB3ECB49}.Debug|Any CPU.ActiveCfg = Debug|Any CPU
		{F6A34771-42A4-4697-8FE5-3F67DB3ECB49}.Debug|Any CPU.Build.0 = Debug|Any CPU
		{F6A34771-42A4-4697-8FE5-3F67DB3ECB49}.Release|Any CPU.ActiveCfg = Release|Any CPU
		{F6A34771-42A4-4697-8FE5-3F67DB3ECB49}.Release|Any CPU.Build.0 = Release|Any CPU
		{72E95581-33FF-4A25-8CAF-A9731050FF1B}.Debug|Any CPU.ActiveCfg = Debug|Any CPU
		{72E95581-33FF-4A25-8CAF-A9731050FF1B}.Debug|Any CPU.Build.0 = Debug|Any CPU
		{72E95581-33FF-4A25-8CAF-A9731050FF1B}.Release|Any CPU.ActiveCfg = Release|Any CPU
		{72E95581-33FF-4A25-8CAF-A9731050FF1B}.Release|Any CPU.Build.0 = Release|Any CPU
		{5B16F544-0438-495D-A283-20540036F18B}.Debug|Any CPU.ActiveCfg = Debug|Any CPU
		{5B16F544-0438-495D-A283-20540036F18B}.Debug|Any CPU.Build.0 = Debug|Any CPU
		{5B16F544-0438-495D-A283-20540036F18B}.Release|Any CPU.ActiveCfg = Release|Any CPU
		{5B16F544-0438-495D-A283-20540036F18B}.Release|Any CPU.Build.0 = Release|Any CPU
		{6E38F488-EE9C-469A-A9CC-5414F95845AA}.Debug|Any CPU.ActiveCfg = Debug|Any CPU
		{6E38F488-EE9C-469A-A9CC-5414F95845AA}.Debug|Any CPU.Build.0 = Debug|Any CPU
		{6E38F488-EE9C-469A-A9CC-5414F95845AA}.Release|Any CPU.ActiveCfg = Release|Any CPU
		{6E38F488-EE9C-469A-A9CC-5414F95845AA}.Release|Any CPU.Build.0 = Release|Any CPU
		{C7E03CFC-DBB2-4C8B-BEFD-323E1924C58A}.Debug|Any CPU.ActiveCfg = Debug|Any CPU
		{C7E03CFC-DBB2-4C8B-BEFD-323E1924C58A}.Debug|Any CPU.Build.0 = Debug|Any CPU
		{C7E03CFC-DBB2-4C8B-BEFD-323E1924C58A}.Release|Any CPU.ActiveCfg = Release|Any CPU
		{C7E03CFC-DBB2-4C8B-BEFD-323E1924C58A}.Release|Any CPU.Build.0 = Release|Any CPU
		{E934E35F-D380-4732-8670-C0477348AF28}.Debug|Any CPU.ActiveCfg = Debug|Any CPU
		{E934E35F-D380-4732-8670-C0477348AF28}.Debug|Any CPU.Build.0 = Debug|Any CPU
		{E934E35F-D380-4732-8670-C0477348AF28}.Release|Any CPU.ActiveCfg = Release|Any CPU
		{E934E35F-D380-4732-8670-C0477348AF28}.Release|Any CPU.Build.0 = Release|Any CPU
		{679615DD-D05B-412D-9207-D97F1B17EF2B}.Debug|Any CPU.ActiveCfg = Debug|Any CPU
		{679615DD-D05B-412D-9207-D97F1B17EF2B}.Debug|Any CPU.Build.0 = Debug|Any CPU
		{679615DD-D05B-412D-9207-D97F1B17EF2B}.Release|Any CPU.ActiveCfg = Release|Any CPU
		{679615DD-D05B-412D-9207-D97F1B17EF2B}.Release|Any CPU.Build.0 = Release|Any CPU
		{C0C5B5AF-3158-415A-B7BD-0768E0E55FC2}.Debug|Any CPU.ActiveCfg = Debug|Any CPU
		{C0C5B5AF-3158-415A-B7BD-0768E0E55FC2}.Debug|Any CPU.Build.0 = Debug|Any CPU
		{C0C5B5AF-3158-415A-B7BD-0768E0E55FC2}.Release|Any CPU.ActiveCfg = Release|Any CPU
		{C0C5B5AF-3158-415A-B7BD-0768E0E55FC2}.Release|Any CPU.Build.0 = Release|Any CPU
		{01092FC7-5B62-4E4D-9A2E-6DD135AF7C61}.Debug|Any CPU.ActiveCfg = Debug|Any CPU
		{01092FC7-5B62-4E4D-9A2E-6DD135AF7C61}.Debug|Any CPU.Build.0 = Debug|Any CPU
		{01092FC7-5B62-4E4D-9A2E-6DD135AF7C61}.Release|Any CPU.ActiveCfg = Release|Any CPU
		{01092FC7-5B62-4E4D-9A2E-6DD135AF7C61}.Release|Any CPU.Build.0 = Release|Any CPU
		{FAF8C920-002C-4651-861C-A53A7CEDD375}.Debug|Any CPU.ActiveCfg = Debug|Any CPU
		{FAF8C920-002C-4651-861C-A53A7CEDD375}.Debug|Any CPU.Build.0 = Debug|Any CPU
		{FAF8C920-002C-4651-861C-A53A7CEDD375}.Release|Any CPU.ActiveCfg = Release|Any CPU
		{FAF8C920-002C-4651-861C-A53A7CEDD375}.Release|Any CPU.Build.0 = Release|Any CPU
		{BAD850BF-9CA2-46A8-97A5-D07ECD3A1850}.Debug|Any CPU.ActiveCfg = Debug|Any CPU
		{BAD850BF-9CA2-46A8-97A5-D07ECD3A1850}.Debug|Any CPU.Build.0 = Debug|Any CPU
		{BAD850BF-9CA2-46A8-97A5-D07ECD3A1850}.Release|Any CPU.ActiveCfg = Release|Any CPU
		{BAD850BF-9CA2-46A8-97A5-D07ECD3A1850}.Release|Any CPU.Build.0 = Release|Any CPU
	EndGlobalSection
	GlobalSection(SolutionProperties) = preSolution
		HideSolutionNode = FALSE
	EndGlobalSection
	GlobalSection(NestedProjects) = preSolution
		{E26E2543-27AC-49E5-8DAC-9EF351DA2C69} = {638A65DB-37F9-42CB-9195-3F85493055A2}
		{0F34A815-1DFD-4587-A9A2-E38C533DB6F7} = {638A65DB-37F9-42CB-9195-3F85493055A2}
		{D7B9B7C8-F611-4611-87C2-4B8DD706978D} = {638A65DB-37F9-42CB-9195-3F85493055A2}
		{526F8699-B042-46FB-B0FC-81FE4172549C} = {638A65DB-37F9-42CB-9195-3F85493055A2}
		{944473FA-1213-4AB3-8F66-FB623B0A5095} = {E26E2543-27AC-49E5-8DAC-9EF351DA2C69}
		{308D6E49-64B0-41F2-8DD8-C29D32ED8F60} = {944473FA-1213-4AB3-8F66-FB623B0A5095}
		{29099C36-E86A-4426-9C50-ED72930AEBF9} = {0F34A815-1DFD-4587-A9A2-E38C533DB6F7}
		{DC208DF9-A73B-4E50-98B8-CF7F28DE5F63} = {29099C36-E86A-4426-9C50-ED72930AEBF9}
		{CDA4E7BF-3546-468B-A77B-515394DB87C8} = {29099C36-E86A-4426-9C50-ED72930AEBF9}
		{27592953-F0C8-40E9-8A79-81F58E7933E7} = {29099C36-E86A-4426-9C50-ED72930AEBF9}
		{F6A34771-42A4-4697-8FE5-3F67DB3ECB49} = {29099C36-E86A-4426-9C50-ED72930AEBF9}
		{DE07E07F-43E2-4DFB-BB95-72C9FFC94FB6} = {526F8699-B042-46FB-B0FC-81FE4172549C}
		{72E95581-33FF-4A25-8CAF-A9731050FF1B} = {DE07E07F-43E2-4DFB-BB95-72C9FFC94FB6}
		{F478C795-8BA8-4565-838E-F9ADCBFA815E} = {D7B9B7C8-F611-4611-87C2-4B8DD706978D}
		{5B16F544-0438-495D-A283-20540036F18B} = {F478C795-8BA8-4565-838E-F9ADCBFA815E}
		{7F83DB8A-4101-4199-8653-7D93AB7E4C4A} = {D7B9B7C8-F611-4611-87C2-4B8DD706978D}
		{E1463E2A-54D8-42DE-B016-8D16C5F07176} = {D7B9B7C8-F611-4611-87C2-4B8DD706978D}
		{6E38F488-EE9C-469A-A9CC-5414F95845AA} = {7F83DB8A-4101-4199-8653-7D93AB7E4C4A}
		{C7E03CFC-DBB2-4C8B-BEFD-323E1924C58A} = {E1463E2A-54D8-42DE-B016-8D16C5F07176}
		{A48F3B82-AE88-41C3-BB9F-8D9900250D52} = {D7B9B7C8-F611-4611-87C2-4B8DD706978D}
		{E934E35F-D380-4732-8670-C0477348AF28} = {A48F3B82-AE88-41C3-BB9F-8D9900250D52}
		{0F0C3196-2D5D-46F5-89C9-AFDD66C7464A} = {D7B9B7C8-F611-4611-87C2-4B8DD706978D}
		{679615DD-D05B-412D-9207-D97F1B17EF2B} = {0F0C3196-2D5D-46F5-89C9-AFDD66C7464A}
		{C0C5B5AF-3158-415A-B7BD-0768E0E55FC2} = {0F0C3196-2D5D-46F5-89C9-AFDD66C7464A}
		{01092FC7-5B62-4E4D-9A2E-6DD135AF7C61} = {0F0C3196-2D5D-46F5-89C9-AFDD66C7464A}
		{FAF8C920-002C-4651-861C-A53A7CEDD375} = {0F0C3196-2D5D-46F5-89C9-AFDD66C7464A}
		{24B819FB-EB91-4CA9-8D17-218BC3A1D0FA} = {D7B9B7C8-F611-4611-87C2-4B8DD706978D}
		{BAD850BF-9CA2-46A8-97A5-D07ECD3A1850} = {24B819FB-EB91-4CA9-8D17-218BC3A1D0FA}
	EndGlobalSection
	GlobalSection(ExtensibilityGlobals) = postSolution
		SolutionGuid = {7A97268D-3885-4A6E-AF53-9AC5A499B94A}
	EndGlobalSection
EndGlobal
